// !$*UTF8*$!
{
	archiveVersion = 1;
	classes = {
	};
	objectVersion = 51;
	objects = {

/* Begin PBXBuildFile section */
		437BC3272536EB36000317EE /* Indigo Regular.otf in Resources */ = {isa = PBXBuildFile; fileRef = 437BC3242536EB34000317EE /* Indigo Regular.otf */; };
		437BC3282536EB36000317EE /* IndigoRegular.ttf in Resources */ = {isa = PBXBuildFile; fileRef = 437BC3252536EB35000317EE /* IndigoRegular.ttf */; };
		437BC32D2536EB44000317EE /* loadingTomes.json in Resources */ = {isa = PBXBuildFile; fileRef = 437BC32B2536EB42000317EE /* loadingTomes.json */; };
		437BC32E2536EB44000317EE /* tomes.json in Resources */ = {isa = PBXBuildFile; fileRef = 437BC32C2536EB44000317EE /* tomes.json */; };
		437BC3312536EB7C000317EE /* GoogleService-Info.plist in Resources */ = {isa = PBXBuildFile; fileRef = 437BC3302536EB7C000317EE /* GoogleService-Info.plist */; };
		437BC3352536F405000317EE /* Comfortaa-Bold.ttf in Resources */ = {isa = PBXBuildFile; fileRef = 437BC3342536F405000317EE /* Comfortaa-Bold.ttf */; };
		437BC33C2536F461000317EE /* Comfortaa-Light.ttf in Resources */ = {isa = PBXBuildFile; fileRef = 437BC3382536F45E000317EE /* Comfortaa-Light.ttf */; };
		437BC33E2536F461000317EE /* Comfortaa-Regular.ttf in Resources */ = {isa = PBXBuildFile; fileRef = 437BC33A2536F461000317EE /* Comfortaa-Regular.ttf */; };
		437EA59625642090003E2803 /* NotificationService.swift in Sources */ = {isa = PBXBuildFile; fileRef = 437EA59525642090003E2803 /* NotificationService.swift */; };
		437EA59A25642090003E2803 /* OneSignalNotificationServiceExtension.appex in Embed App Extensions */ = {isa = PBXBuildFile; fileRef = 437EA5932564208F003E2803 /* OneSignalNotificationServiceExtension.appex */; settings = {ATTRIBUTES = (RemoveHeadersOnCopy, ); }; };
		437EA5DF25643859003E2803 /* Projector.swift in Sources */ = {isa = PBXBuildFile; fileRef = 437EA5DE25643859003E2803 /* Projector.swift */; };
		43DDDB312537BC2300E59017 /* tomesicon.png in Resources */ = {isa = PBXBuildFile; fileRef = 43DDDB302537BC2300E59017 /* tomesicon.png */; };
		49C41CB2CEC8738BE37B1DD5 /* Pods_Tomes.framework in Frameworks */ = {isa = PBXBuildFile; fileRef = 0054C8F8BB31C2570B882173 /* Pods_Tomes.framework */; };
		9DD949CA406FBB14BFA7EB7C /* Pods_OneSignalNotificationServiceExtension.framework in Frameworks */ = {isa = PBXBuildFile; fileRef = D2B72955CBAB6C86B013121C /* Pods_OneSignalNotificationServiceExtension.framework */; };
		B834CEA124F7BB10001AA809 /* AppDelegate.swift in Sources */ = {isa = PBXBuildFile; fileRef = B834CEA024F7BB10001AA809 /* AppDelegate.swift */; };
		B834CEA324F7BB10001AA809 /* SceneDelegate.swift in Sources */ = {isa = PBXBuildFile; fileRef = B834CEA224F7BB10001AA809 /* SceneDelegate.swift */; };
		B834CEA524F7BB10001AA809 /* ViewController.swift in Sources */ = {isa = PBXBuildFile; fileRef = B834CEA424F7BB10001AA809 /* ViewController.swift */; };
		B834CEA824F7BB11001AA809 /* Main.storyboard in Resources */ = {isa = PBXBuildFile; fileRef = B834CEA624F7BB11001AA809 /* Main.storyboard */; };
		B834CEAA24F7BB16001AA809 /* Assets.xcassets in Resources */ = {isa = PBXBuildFile; fileRef = B834CEA924F7BB16001AA809 /* Assets.xcassets */; };
		B834CEAD24F7BB16001AA809 /* LaunchScreen.storyboard in Resources */ = {isa = PBXBuildFile; fileRef = B834CEAB24F7BB16001AA809 /* LaunchScreen.storyboard */; };
		B8705527252152D8009C2C6F /* Constants.swift in Sources */ = {isa = PBXBuildFile; fileRef = B8705526252152D8009C2C6F /* Constants.swift */; };
		B87055292521DA6B009C2C6F /* ContactUsViewController.swift in Sources */ = {isa = PBXBuildFile; fileRef = B87055282521DA6B009C2C6F /* ContactUsViewController.swift */; };
		B876279E2507C05700D0EE92 /* SplashScreenViewController.swift in Sources */ = {isa = PBXBuildFile; fileRef = B876279D2507C05700D0EE92 /* SplashScreenViewController.swift */; };
		B896EE1F251AA51700C5A509 /* AccountViewController.swift in Sources */ = {isa = PBXBuildFile; fileRef = B896EE1E251AA51700C5A509 /* AccountViewController.swift */; };
		B896EE21251AA58800C5A509 /* PaymentRecordModel.swift in Sources */ = {isa = PBXBuildFile; fileRef = B896EE20251AA58800C5A509 /* PaymentRecordModel.swift */; };
		B896EE23251AA64700C5A509 /* PaymentRecordViewModel.swift in Sources */ = {isa = PBXBuildFile; fileRef = B896EE22251AA64700C5A509 /* PaymentRecordViewModel.swift */; };
		B896EE25251AA70200C5A509 /* PaymentRecordViewModelController.swift in Sources */ = {isa = PBXBuildFile; fileRef = B896EE24251AA70200C5A509 /* PaymentRecordViewModelController.swift */; };
		B896EE28251AA72700C5A509 /* PaymentDetailCollectionViewCell.swift in Sources */ = {isa = PBXBuildFile; fileRef = B896EE26251AA72700C5A509 /* PaymentDetailCollectionViewCell.swift */; };
		B896EE29251AA72700C5A509 /* PaymentDetailCollectionViewCell.xib in Resources */ = {isa = PBXBuildFile; fileRef = B896EE27251AA72700C5A509 /* PaymentDetailCollectionViewCell.xib */; };
		B8B408F62507CD9E00B46A7C /* ApartmentDetailsModel.swift in Sources */ = {isa = PBXBuildFile; fileRef = B8B408F52507CD9E00B46A7C /* ApartmentDetailsModel.swift */; };
		B8B408F82507CDD400B46A7C /* ApartmentDetailsViewModel.swift in Sources */ = {isa = PBXBuildFile; fileRef = B8B408F72507CDD400B46A7C /* ApartmentDetailsViewModel.swift */; };
		B8B408FD2507CEDF00B46A7C /* ApartmentDetailCollectionViewCell.swift in Sources */ = {isa = PBXBuildFile; fileRef = B8B408FB2507CEDF00B46A7C /* ApartmentDetailCollectionViewCell.swift */; };
		B8B408FE2507CEDF00B46A7C /* ApartmentDetailCollectionViewCell.xib in Resources */ = {isa = PBXBuildFile; fileRef = B8B408FC2507CEDF00B46A7C /* ApartmentDetailCollectionViewCell.xib */; };
		B8B409002507D0DD00B46A7C /* ApartmentDetailsViewModelController.swift in Sources */ = {isa = PBXBuildFile; fileRef = B8B408FF2507D0DD00B46A7C /* ApartmentDetailsViewModelController.swift */; };
		B8B409022507DFDD00B46A7C /* ApartmentDetailsViewController.swift in Sources */ = {isa = PBXBuildFile; fileRef = B8B409012507DFDD00B46A7C /* ApartmentDetailsViewController.swift */; };
		B8B40904250831DE00B46A7C /* BookApartmentViewController.swift in Sources */ = {isa = PBXBuildFile; fileRef = B8B40903250831DE00B46A7C /* BookApartmentViewController.swift */; };
		B8B409062508373200B46A7C /* PaymentViewController.swift in Sources */ = {isa = PBXBuildFile; fileRef = B8B409052508373200B46A7C /* PaymentViewController.swift */; };
		B8C8EEC124F7CA35002DDE20 /* LoginViewController.swift in Sources */ = {isa = PBXBuildFile; fileRef = B8C8EEC024F7CA35002DDE20 /* LoginViewController.swift */; };
		B8CCB6A124F7E0D40034C878 /* Utilities.swift in Sources */ = {isa = PBXBuildFile; fileRef = B8CCB6A024F7E0D40034C878 /* Utilities.swift */; };
		B8CCB6AD24F7EADB0034C878 /* SignUpViewController.swift in Sources */ = {isa = PBXBuildFile; fileRef = B8CCB6AC24F7EADB0034C878 /* SignUpViewController.swift */; };
		B8CCB6AF24F7EF990034C878 /* ForgotPasswordViewController.swift in Sources */ = {isa = PBXBuildFile; fileRef = B8CCB6AE24F7EF990034C878 /* ForgotPasswordViewController.swift */; };
		B8CCB6B324F80D1A0034C878 /* HomeViewController.swift in Sources */ = {isa = PBXBuildFile; fileRef = B8CCB6B224F80D1A0034C878 /* HomeViewController.swift */; };
		B8D380A325005BEA00A97474 /* ApartmentListTableViewCell.swift in Sources */ = {isa = PBXBuildFile; fileRef = B8D380A125005BEA00A97474 /* ApartmentListTableViewCell.swift */; };
		B8D380A425005BEA00A97474 /* ApartmentListTableViewCell.xib in Resources */ = {isa = PBXBuildFile; fileRef = B8D380A225005BEA00A97474 /* ApartmentListTableViewCell.xib */; };
		B8D380A725005FAA00A97474 /* ApartmentListModel.swift in Sources */ = {isa = PBXBuildFile; fileRef = B8D380A625005FAA00A97474 /* ApartmentListModel.swift */; };
		B8D380AB25005FE900A97474 /* ApartmentListViewModel.swift in Sources */ = {isa = PBXBuildFile; fileRef = B8D380AA25005FE900A97474 /* ApartmentListViewModel.swift */; };
		B8D380AD2500603800A97474 /* ApartmentListViewModelController.swift in Sources */ = {isa = PBXBuildFile; fileRef = B8D380AC2500603800A97474 /* ApartmentListViewModelController.swift */; };
/* End PBXBuildFile section */

/* Begin PBXContainerItemProxy section */
		437EA59825642090003E2803 /* PBXContainerItemProxy */ = {
			isa = PBXContainerItemProxy;
			containerPortal = B834CE9524F7BB10001AA809 /* Project object */;
			proxyType = 1;
			remoteGlobalIDString = 437EA5922564208F003E2803;
			remoteInfo = OneSignalNotificationServiceExtension;
		};
/* End PBXContainerItemProxy section */

/* Begin PBXCopyFilesBuildPhase section */
		437EA59B25642090003E2803 /* Embed App Extensions */ = {
			isa = PBXCopyFilesBuildPhase;
			buildActionMask = 2147483647;
			dstPath = "";
			dstSubfolderSpec = 13;
			files = (
				437EA59A25642090003E2803 /* OneSignalNotificationServiceExtension.appex in Embed App Extensions */,
			);
			name = "Embed App Extensions";
			runOnlyForDeploymentPostprocessing = 0;
		};
/* End PBXCopyFilesBuildPhase section */

/* Begin PBXFileReference section */
		0054C8F8BB31C2570B882173 /* Pods_Tomes.framework */ = {isa = PBXFileReference; explicitFileType = wrapper.framework; includeInIndex = 0; path = Pods_Tomes.framework; sourceTree = BUILT_PRODUCTS_DIR; };
		00B8334D6585E07C129F2F5B /* Pods-Tomes.debug.xcconfig */ = {isa = PBXFileReference; includeInIndex = 1; lastKnownFileType = text.xcconfig; name = "Pods-Tomes.debug.xcconfig"; path = "Target Support Files/Pods-Tomes/Pods-Tomes.debug.xcconfig"; sourceTree = "<group>"; };
		3366043F8A3AAF6532EB2C23 /* Pods-Tomes.release.xcconfig */ = {isa = PBXFileReference; includeInIndex = 1; lastKnownFileType = text.xcconfig; name = "Pods-Tomes.release.xcconfig"; path = "Target Support Files/Pods-Tomes/Pods-Tomes.release.xcconfig"; sourceTree = "<group>"; };
		437BC3242536EB34000317EE /* Indigo Regular.otf */ = {isa = PBXFileReference; lastKnownFileType = file; path = "Indigo Regular.otf"; sourceTree = "<group>"; };
		437BC3252536EB35000317EE /* IndigoRegular.ttf */ = {isa = PBXFileReference; lastKnownFileType = file; path = IndigoRegular.ttf; sourceTree = "<group>"; };
		437BC32B2536EB42000317EE /* loadingTomes.json */ = {isa = PBXFileReference; fileEncoding = 4; lastKnownFileType = text.json; path = loadingTomes.json; sourceTree = "<group>"; };
		437BC32C2536EB44000317EE /* tomes.json */ = {isa = PBXFileReference; fileEncoding = 4; lastKnownFileType = text.json; path = tomes.json; sourceTree = "<group>"; };
		437BC3302536EB7C000317EE /* GoogleService-Info.plist */ = {isa = PBXFileReference; fileEncoding = 4; lastKnownFileType = text.plist.xml; path = "GoogleService-Info.plist"; sourceTree = "<group>"; };
		437BC3342536F405000317EE /* Comfortaa-Bold.ttf */ = {isa = PBXFileReference; lastKnownFileType = file; path = "Comfortaa-Bold.ttf"; sourceTree = "<group>"; };
		437BC3382536F45E000317EE /* Comfortaa-Light.ttf */ = {isa = PBXFileReference; lastKnownFileType = file; path = "Comfortaa-Light.ttf"; sourceTree = "<group>"; };
		437BC33A2536F461000317EE /* Comfortaa-Regular.ttf */ = {isa = PBXFileReference; lastKnownFileType = file; path = "Comfortaa-Regular.ttf"; sourceTree = "<group>"; };
		437EA5932564208F003E2803 /* OneSignalNotificationServiceExtension.appex */ = {isa = PBXFileReference; explicitFileType = "wrapper.app-extension"; includeInIndex = 0; path = OneSignalNotificationServiceExtension.appex; sourceTree = BUILT_PRODUCTS_DIR; };
		437EA59525642090003E2803 /* NotificationService.swift */ = {isa = PBXFileReference; lastKnownFileType = sourcecode.swift; path = NotificationService.swift; sourceTree = "<group>"; };
		437EA59725642090003E2803 /* Info.plist */ = {isa = PBXFileReference; lastKnownFileType = text.plist.xml; path = Info.plist; sourceTree = "<group>"; };
		437EA5C52564244A003E2803 /* Tomes.entitlements */ = {isa = PBXFileReference; lastKnownFileType = text.plist.entitlements; path = Tomes.entitlements; sourceTree = "<group>"; };
		437EA5C825642659003E2803 /* OneSignalNotificationServiceExtension.entitlements */ = {isa = PBXFileReference; lastKnownFileType = text.plist.entitlements; path = OneSignalNotificationServiceExtension.entitlements; sourceTree = "<group>"; };
		437EA5DE25643859003E2803 /* Projector.swift */ = {isa = PBXFileReference; lastKnownFileType = sourcecode.swift; path = Projector.swift; sourceTree = "<group>"; };
		43DDDB062537535D00E59017 /* saxmono.ttf */ = {isa = PBXFileReference; lastKnownFileType = file; name = saxmono.ttf; path = ../../../../saxmono.ttf; sourceTree = "<group>"; };
		43DDDB302537BC2300E59017 /* tomesicon.png */ = {isa = PBXFileReference; lastKnownFileType = image.png; name = tomesicon.png; path = ../../tomesicon.png; sourceTree = "<group>"; };
		4B817D2A4533F162AD8DC8A1 /* Pods-OneSignalNotificationServiceExtension.debug.xcconfig */ = {isa = PBXFileReference; includeInIndex = 1; lastKnownFileType = text.xcconfig; name = "Pods-OneSignalNotificationServiceExtension.debug.xcconfig"; path = "Target Support Files/Pods-OneSignalNotificationServiceExtension/Pods-OneSignalNotificationServiceExtension.debug.xcconfig"; sourceTree = "<group>"; };
		B0213F8D3237D6C9CDD64C8C /* Pods-OneSignalNotificationServiceExtension.release.xcconfig */ = {isa = PBXFileReference; includeInIndex = 1; lastKnownFileType = text.xcconfig; name = "Pods-OneSignalNotificationServiceExtension.release.xcconfig"; path = "Target Support Files/Pods-OneSignalNotificationServiceExtension/Pods-OneSignalNotificationServiceExtension.release.xcconfig"; sourceTree = "<group>"; };
		B834CE9D24F7BB10001AA809 /* Tomes.app */ = {isa = PBXFileReference; explicitFileType = wrapper.application; includeInIndex = 0; path = Tomes.app; sourceTree = BUILT_PRODUCTS_DIR; };
		B834CEA024F7BB10001AA809 /* AppDelegate.swift */ = {isa = PBXFileReference; lastKnownFileType = sourcecode.swift; path = AppDelegate.swift; sourceTree = "<group>"; };
		B834CEA224F7BB10001AA809 /* SceneDelegate.swift */ = {isa = PBXFileReference; lastKnownFileType = sourcecode.swift; path = SceneDelegate.swift; sourceTree = "<group>"; };
		B834CEA424F7BB10001AA809 /* ViewController.swift */ = {isa = PBXFileReference; lastKnownFileType = sourcecode.swift; path = ViewController.swift; sourceTree = "<group>"; };
		B834CEA724F7BB11001AA809 /* Base */ = {isa = PBXFileReference; lastKnownFileType = file.storyboard; name = Base; path = Base.lproj/Main.storyboard; sourceTree = "<group>"; };
		B834CEA924F7BB16001AA809 /* Assets.xcassets */ = {isa = PBXFileReference; lastKnownFileType = folder.assetcatalog; path = Assets.xcassets; sourceTree = "<group>"; };
		B834CEAC24F7BB16001AA809 /* Base */ = {isa = PBXFileReference; lastKnownFileType = file.storyboard; name = Base; path = Base.lproj/LaunchScreen.storyboard; sourceTree = "<group>"; };
		B834CEAE24F7BB16001AA809 /* Info.plist */ = {isa = PBXFileReference; lastKnownFileType = text.plist.xml; path = Info.plist; sourceTree = "<group>"; };
		B8705526252152D8009C2C6F /* Constants.swift */ = {isa = PBXFileReference; lastKnownFileType = sourcecode.swift; path = Constants.swift; sourceTree = "<group>"; };
		B87055282521DA6B009C2C6F /* ContactUsViewController.swift */ = {isa = PBXFileReference; lastKnownFileType = sourcecode.swift; path = ContactUsViewController.swift; sourceTree = "<group>"; };
		B876279D2507C05700D0EE92 /* SplashScreenViewController.swift */ = {isa = PBXFileReference; lastKnownFileType = sourcecode.swift; path = SplashScreenViewController.swift; sourceTree = "<group>"; };
		B896EE1E251AA51700C5A509 /* AccountViewController.swift */ = {isa = PBXFileReference; lastKnownFileType = sourcecode.swift; path = AccountViewController.swift; sourceTree = "<group>"; };
		B896EE20251AA58800C5A509 /* PaymentRecordModel.swift */ = {isa = PBXFileReference; lastKnownFileType = sourcecode.swift; path = PaymentRecordModel.swift; sourceTree = "<group>"; };
		B896EE22251AA64700C5A509 /* PaymentRecordViewModel.swift */ = {isa = PBXFileReference; lastKnownFileType = sourcecode.swift; path = PaymentRecordViewModel.swift; sourceTree = "<group>"; };
		B896EE24251AA70200C5A509 /* PaymentRecordViewModelController.swift */ = {isa = PBXFileReference; lastKnownFileType = sourcecode.swift; path = PaymentRecordViewModelController.swift; sourceTree = "<group>"; };
		B896EE26251AA72700C5A509 /* PaymentDetailCollectionViewCell.swift */ = {isa = PBXFileReference; lastKnownFileType = sourcecode.swift; path = PaymentDetailCollectionViewCell.swift; sourceTree = "<group>"; };
		B896EE27251AA72700C5A509 /* PaymentDetailCollectionViewCell.xib */ = {isa = PBXFileReference; lastKnownFileType = file.xib; path = PaymentDetailCollectionViewCell.xib; sourceTree = "<group>"; };
		B8B408F52507CD9E00B46A7C /* ApartmentDetailsModel.swift */ = {isa = PBXFileReference; lastKnownFileType = sourcecode.swift; path = ApartmentDetailsModel.swift; sourceTree = "<group>"; };
		B8B408F72507CDD400B46A7C /* ApartmentDetailsViewModel.swift */ = {isa = PBXFileReference; lastKnownFileType = sourcecode.swift; path = ApartmentDetailsViewModel.swift; sourceTree = "<group>"; };
		B8B408FB2507CEDF00B46A7C /* ApartmentDetailCollectionViewCell.swift */ = {isa = PBXFileReference; lastKnownFileType = sourcecode.swift; path = ApartmentDetailCollectionViewCell.swift; sourceTree = "<group>"; };
		B8B408FC2507CEDF00B46A7C /* ApartmentDetailCollectionViewCell.xib */ = {isa = PBXFileReference; lastKnownFileType = file.xib; path = ApartmentDetailCollectionViewCell.xib; sourceTree = "<group>"; };
		B8B408FF2507D0DD00B46A7C /* ApartmentDetailsViewModelController.swift */ = {isa = PBXFileReference; lastKnownFileType = sourcecode.swift; path = ApartmentDetailsViewModelController.swift; sourceTree = "<group>"; };
		B8B409012507DFDD00B46A7C /* ApartmentDetailsViewController.swift */ = {isa = PBXFileReference; lastKnownFileType = sourcecode.swift; path = ApartmentDetailsViewController.swift; sourceTree = "<group>"; };
		B8B40903250831DE00B46A7C /* BookApartmentViewController.swift */ = {isa = PBXFileReference; lastKnownFileType = sourcecode.swift; path = BookApartmentViewController.swift; sourceTree = "<group>"; };
		B8B409052508373200B46A7C /* PaymentViewController.swift */ = {isa = PBXFileReference; lastKnownFileType = sourcecode.swift; path = PaymentViewController.swift; sourceTree = "<group>"; };
		B8C8EEC024F7CA35002DDE20 /* LoginViewController.swift */ = {isa = PBXFileReference; lastKnownFileType = sourcecode.swift; path = LoginViewController.swift; sourceTree = "<group>"; };
		B8CCB6A024F7E0D40034C878 /* Utilities.swift */ = {isa = PBXFileReference; lastKnownFileType = sourcecode.swift; path = Utilities.swift; sourceTree = SOURCE_ROOT; };
		B8CCB6AC24F7EADB0034C878 /* SignUpViewController.swift */ = {isa = PBXFileReference; lastKnownFileType = sourcecode.swift; path = SignUpViewController.swift; sourceTree = "<group>"; };
		B8CCB6AE24F7EF990034C878 /* ForgotPasswordViewController.swift */ = {isa = PBXFileReference; lastKnownFileType = sourcecode.swift; path = ForgotPasswordViewController.swift; sourceTree = "<group>"; };
		B8CCB6B224F80D1A0034C878 /* HomeViewController.swift */ = {isa = PBXFileReference; lastKnownFileType = sourcecode.swift; path = HomeViewController.swift; sourceTree = "<group>"; };
		B8D380A125005BEA00A97474 /* ApartmentListTableViewCell.swift */ = {isa = PBXFileReference; lastKnownFileType = sourcecode.swift; path = ApartmentListTableViewCell.swift; sourceTree = "<group>"; };
		B8D380A225005BEA00A97474 /* ApartmentListTableViewCell.xib */ = {isa = PBXFileReference; lastKnownFileType = file.xib; path = ApartmentListTableViewCell.xib; sourceTree = "<group>"; };
		B8D380A625005FAA00A97474 /* ApartmentListModel.swift */ = {isa = PBXFileReference; lastKnownFileType = sourcecode.swift; path = ApartmentListModel.swift; sourceTree = "<group>"; };
		B8D380AA25005FE900A97474 /* ApartmentListViewModel.swift */ = {isa = PBXFileReference; lastKnownFileType = sourcecode.swift; path = ApartmentListViewModel.swift; sourceTree = "<group>"; };
		B8D380AC2500603800A97474 /* ApartmentListViewModelController.swift */ = {isa = PBXFileReference; lastKnownFileType = sourcecode.swift; path = ApartmentListViewModelController.swift; sourceTree = "<group>"; };
		D2B72955CBAB6C86B013121C /* Pods_OneSignalNotificationServiceExtension.framework */ = {isa = PBXFileReference; explicitFileType = wrapper.framework; includeInIndex = 0; path = Pods_OneSignalNotificationServiceExtension.framework; sourceTree = BUILT_PRODUCTS_DIR; };
/* End PBXFileReference section */

/* Begin PBXFrameworksBuildPhase section */
		437EA5902564208F003E2803 /* Frameworks */ = {
			isa = PBXFrameworksBuildPhase;
			buildActionMask = 2147483647;
			files = (
				9DD949CA406FBB14BFA7EB7C /* Pods_OneSignalNotificationServiceExtension.framework in Frameworks */,
			);
			runOnlyForDeploymentPostprocessing = 0;
		};
		B834CE9A24F7BB10001AA809 /* Frameworks */ = {
			isa = PBXFrameworksBuildPhase;
			buildActionMask = 2147483647;
			files = (
				49C41CB2CEC8738BE37B1DD5 /* Pods_Tomes.framework in Frameworks */,
			);
			runOnlyForDeploymentPostprocessing = 0;
		};
/* End PBXFrameworksBuildPhase section */

/* Begin PBXGroup section */
		21F1BC0E3B9B0D418AE18B9C /* Frameworks */ = {
			isa = PBXGroup;
			children = (
				D2B72955CBAB6C86B013121C /* Pods_OneSignalNotificationServiceExtension.framework */,
				0054C8F8BB31C2570B882173 /* Pods_Tomes.framework */,
			);
			name = Frameworks;
			sourceTree = "<group>";
		};
		437EA59425642090003E2803 /* OneSignalNotificationServiceExtension */ = {
			isa = PBXGroup;
			children = (
				437EA5C825642659003E2803 /* OneSignalNotificationServiceExtension.entitlements */,
				437EA59525642090003E2803 /* NotificationService.swift */,
				437EA59725642090003E2803 /* Info.plist */,
			);
			path = OneSignalNotificationServiceExtension;
			sourceTree = "<group>";
		};
		437EA5D72564380B003E2803 /* UITesting */ = {
			isa = PBXGroup;
			children = (
				437EA5DE25643859003E2803 /* Projector.swift */,
			);
			path = UITesting;
			sourceTree = "<group>";
		};
		B834CE9424F7BB10001AA809 = {
			isa = PBXGroup;
			children = (
				B834CE9F24F7BB10001AA809 /* Tomes */,
				437EA59425642090003E2803 /* OneSignalNotificationServiceExtension */,
				B834CE9E24F7BB10001AA809 /* Products */,
				D167229A94B5C70A322D4F88 /* Pods */,
				21F1BC0E3B9B0D418AE18B9C /* Frameworks */,
			);
			sourceTree = "<group>";
		};
		B834CE9E24F7BB10001AA809 /* Products */ = {
			isa = PBXGroup;
			children = (
				B834CE9D24F7BB10001AA809 /* Tomes.app */,
				437EA5932564208F003E2803 /* OneSignalNotificationServiceExtension.appex */,
			);
			name = Products;
			sourceTree = "<group>";
		};
		B834CE9F24F7BB10001AA809 /* Tomes */ = {
			isa = PBXGroup;
			children = (
				437EA5D72564380B003E2803 /* UITesting */,
				437EA5C52564244A003E2803 /* Tomes.entitlements */,
				B8705525252152B9009C2C6F /* EnvironmentVariables */,
				B8D380A925005FC900A97474 /* ViewModelController */,
				B8D380A825005FB900A97474 /* ViewModel */,
				B8D380A525005F9200A97474 /* Model */,
				B8D380A025005BC400A97474 /* View */,
				B8CCB69F24F7E0A90034C878 /* Helper */,
				B8C8EED324F7D573002DDE20 /* Font */,
				B8C8EEBD24F7C76A002DDE20 /* ViewControllers */,
				B834CEA024F7BB10001AA809 /* AppDelegate.swift */,
				B834CEA224F7BB10001AA809 /* SceneDelegate.swift */,
				B834CEA424F7BB10001AA809 /* ViewController.swift */,
				B834CEA624F7BB11001AA809 /* Main.storyboard */,
				B834CEA924F7BB16001AA809 /* Assets.xcassets */,
				B834CEAB24F7BB16001AA809 /* LaunchScreen.storyboard */,
				43DDDB302537BC2300E59017 /* tomesicon.png */,
				437BC32B2536EB42000317EE /* loadingTomes.json */,
				437BC32C2536EB44000317EE /* tomes.json */,
				437BC3302536EB7C000317EE /* GoogleService-Info.plist */,
				B834CEAE24F7BB16001AA809 /* Info.plist */,
			);
			path = Tomes;
			sourceTree = "<group>";
		};
		B8705525252152B9009C2C6F /* EnvironmentVariables */ = {
			isa = PBXGroup;
			children = (
				B8705526252152D8009C2C6F /* Constants.swift */,
			);
			path = EnvironmentVariables;
			sourceTree = "<group>";
		};
		B8C8EEBD24F7C76A002DDE20 /* ViewControllers */ = {
			isa = PBXGroup;
			children = (
				B8C8EEC024F7CA35002DDE20 /* LoginViewController.swift */,
				B8CCB6AC24F7EADB0034C878 /* SignUpViewController.swift */,
				B8CCB6AE24F7EF990034C878 /* ForgotPasswordViewController.swift */,
				B8CCB6B224F80D1A0034C878 /* HomeViewController.swift */,
				B876279D2507C05700D0EE92 /* SplashScreenViewController.swift */,
				B8B409012507DFDD00B46A7C /* ApartmentDetailsViewController.swift */,
				B8B40903250831DE00B46A7C /* BookApartmentViewController.swift */,
				B8B409052508373200B46A7C /* PaymentViewController.swift */,
				B896EE1E251AA51700C5A509 /* AccountViewController.swift */,
				B87055282521DA6B009C2C6F /* ContactUsViewController.swift */,
			);
			path = ViewControllers;
			sourceTree = "<group>";
		};
		B8C8EED324F7D573002DDE20 /* Font */ = {
			isa = PBXGroup;
			children = (
				437BC3242536EB34000317EE /* Indigo Regular.otf */,
				437BC3252536EB35000317EE /* IndigoRegular.ttf */,
				437BC3382536F45E000317EE /* Comfortaa-Light.ttf */,
				437BC33A2536F461000317EE /* Comfortaa-Regular.ttf */,
				437BC3342536F405000317EE /* Comfortaa-Bold.ttf */,
				43DDDB062537535D00E59017 /* saxmono.ttf */,
			);
			path = Font;
			sourceTree = "<group>";
		};
		B8CCB69F24F7E0A90034C878 /* Helper */ = {
			isa = PBXGroup;
			children = (
				B8CCB6A024F7E0D40034C878 /* Utilities.swift */,
			);
			path = Helper;
			sourceTree = "<group>";
		};
		B8D380A025005BC400A97474 /* View */ = {
			isa = PBXGroup;
			children = (
				B8D380A125005BEA00A97474 /* ApartmentListTableViewCell.swift */,
				B8D380A225005BEA00A97474 /* ApartmentListTableViewCell.xib */,
				B8B408FB2507CEDF00B46A7C /* ApartmentDetailCollectionViewCell.swift */,
				B8B408FC2507CEDF00B46A7C /* ApartmentDetailCollectionViewCell.xib */,
				B896EE26251AA72700C5A509 /* PaymentDetailCollectionViewCell.swift */,
				B896EE27251AA72700C5A509 /* PaymentDetailCollectionViewCell.xib */,
			);
			path = View;
			sourceTree = "<group>";
		};
		B8D380A525005F9200A97474 /* Model */ = {
			isa = PBXGroup;
			children = (
				B8D380A625005FAA00A97474 /* ApartmentListModel.swift */,
				B8B408F52507CD9E00B46A7C /* ApartmentDetailsModel.swift */,
				B896EE20251AA58800C5A509 /* PaymentRecordModel.swift */,
			);
			path = Model;
			sourceTree = "<group>";
		};
		B8D380A825005FB900A97474 /* ViewModel */ = {
			isa = PBXGroup;
			children = (
				B8D380AA25005FE900A97474 /* ApartmentListViewModel.swift */,
				B8B408F72507CDD400B46A7C /* ApartmentDetailsViewModel.swift */,
				B896EE22251AA64700C5A509 /* PaymentRecordViewModel.swift */,
			);
			path = ViewModel;
			sourceTree = "<group>";
		};
		B8D380A925005FC900A97474 /* ViewModelController */ = {
			isa = PBXGroup;
			children = (
				B8D380AC2500603800A97474 /* ApartmentListViewModelController.swift */,
				B8B408FF2507D0DD00B46A7C /* ApartmentDetailsViewModelController.swift */,
				B896EE24251AA70200C5A509 /* PaymentRecordViewModelController.swift */,
			);
			path = ViewModelController;
			sourceTree = "<group>";
		};
		D167229A94B5C70A322D4F88 /* Pods */ = {
			isa = PBXGroup;
			children = (
				4B817D2A4533F162AD8DC8A1 /* Pods-OneSignalNotificationServiceExtension.debug.xcconfig */,
				B0213F8D3237D6C9CDD64C8C /* Pods-OneSignalNotificationServiceExtension.release.xcconfig */,
				00B8334D6585E07C129F2F5B /* Pods-Tomes.debug.xcconfig */,
				3366043F8A3AAF6532EB2C23 /* Pods-Tomes.release.xcconfig */,
			);
			path = Pods;
			sourceTree = "<group>";
		};
/* End PBXGroup section */

/* Begin PBXNativeTarget section */
		437EA5922564208F003E2803 /* OneSignalNotificationServiceExtension */ = {
			isa = PBXNativeTarget;
			buildConfigurationList = 437EA59E25642090003E2803 /* Build configuration list for PBXNativeTarget "OneSignalNotificationServiceExtension" */;
			buildPhases = (
				4EB1BC147313768320A74D7B /* [CP] Check Pods Manifest.lock */,
				437EA58F2564208F003E2803 /* Sources */,
				437EA5902564208F003E2803 /* Frameworks */,
				437EA5912564208F003E2803 /* Resources */,
			);
			buildRules = (
			);
			dependencies = (
			);
			name = OneSignalNotificationServiceExtension;
			productName = OneSignalNotificationServiceExtension;
			productReference = 437EA5932564208F003E2803 /* OneSignalNotificationServiceExtension.appex */;
			productType = "com.apple.product-type.app-extension";
		};
		B834CE9C24F7BB10001AA809 /* Tomes */ = {
			isa = PBXNativeTarget;
			buildConfigurationList = B834CEB124F7BB16001AA809 /* Build configuration list for PBXNativeTarget "Tomes" */;
			buildPhases = (
				9D86022BC3303F07B49A3E5C /* [CP] Check Pods Manifest.lock */,
				B834CE9924F7BB10001AA809 /* Sources */,
				B834CE9A24F7BB10001AA809 /* Frameworks */,
				B834CE9B24F7BB10001AA809 /* Resources */,
				437EA59B25642090003E2803 /* Embed App Extensions */,
				D04D50442FAD141EA500693B /* [CP] Embed Pods Frameworks */,
			);
			buildRules = (
			);
			dependencies = (
				437EA59925642090003E2803 /* PBXTargetDependency */,
			);
			name = Tomes;
			productName = Tomes;
			productReference = B834CE9D24F7BB10001AA809 /* Tomes.app */;
			productType = "com.apple.product-type.application";
		};
/* End PBXNativeTarget section */

/* Begin PBXProject section */
		B834CE9524F7BB10001AA809 /* Project object */ = {
			isa = PBXProject;
			attributes = {
				LastSwiftUpdateCheck = 1210;
				LastUpgradeCheck = 1160;
				ORGANIZATIONNAME = Tomes;
				TargetAttributes = {
					437EA5922564208F003E2803 = {
						CreatedOnToolsVersion = 12.1;
					};
					B834CE9C24F7BB10001AA809 = {
						CreatedOnToolsVersion = 11.6;
					};
				};
			};
			buildConfigurationList = B834CE9824F7BB10001AA809 /* Build configuration list for PBXProject "Tomes" */;
			compatibilityVersion = "Xcode 9.3";
			developmentRegion = en;
			hasScannedForEncodings = 0;
			knownRegions = (
				en,
				Base,
			);
			mainGroup = B834CE9424F7BB10001AA809;
			productRefGroup = B834CE9E24F7BB10001AA809 /* Products */;
			projectDirPath = "";
			projectRoot = "";
			targets = (
				B834CE9C24F7BB10001AA809 /* Tomes */,
				437EA5922564208F003E2803 /* OneSignalNotificationServiceExtension */,
			);
		};
/* End PBXProject section */

/* Begin PBXResourcesBuildPhase section */
		437EA5912564208F003E2803 /* Resources */ = {
			isa = PBXResourcesBuildPhase;
			buildActionMask = 2147483647;
			files = (
			);
			runOnlyForDeploymentPostprocessing = 0;
		};
		B834CE9B24F7BB10001AA809 /* Resources */ = {
			isa = PBXResourcesBuildPhase;
			buildActionMask = 2147483647;
			files = (
				437BC3312536EB7C000317EE /* GoogleService-Info.plist in Resources */,
				B834CEAD24F7BB16001AA809 /* LaunchScreen.storyboard in Resources */,
				437BC32D2536EB44000317EE /* loadingTomes.json in Resources */,
				437BC3352536F405000317EE /* Comfortaa-Bold.ttf in Resources */,
				43DDDB312537BC2300E59017 /* tomesicon.png in Resources */,
				437BC33E2536F461000317EE /* Comfortaa-Regular.ttf in Resources */,
				437BC33C2536F461000317EE /* Comfortaa-Light.ttf in Resources */,
				B834CEAA24F7BB16001AA809 /* Assets.xcassets in Resources */,
				B8B408FE2507CEDF00B46A7C /* ApartmentDetailCollectionViewCell.xib in Resources */,
				B834CEA824F7BB11001AA809 /* Main.storyboard in Resources */,
				B896EE29251AA72700C5A509 /* PaymentDetailCollectionViewCell.xib in Resources */,
				437BC3282536EB36000317EE /* IndigoRegular.ttf in Resources */,
				437BC32E2536EB44000317EE /* tomes.json in Resources */,
				B8D380A425005BEA00A97474 /* ApartmentListTableViewCell.xib in Resources */,
				437BC3272536EB36000317EE /* Indigo Regular.otf in Resources */,
			);
			runOnlyForDeploymentPostprocessing = 0;
		};
/* End PBXResourcesBuildPhase section */

/* Begin PBXShellScriptBuildPhase section */
		4EB1BC147313768320A74D7B /* [CP] Check Pods Manifest.lock */ = {
			isa = PBXShellScriptBuildPhase;
			buildActionMask = 2147483647;
			files = (
			);
			inputFileListPaths = (
			);
			inputPaths = (
				"${PODS_PODFILE_DIR_PATH}/Podfile.lock",
				"${PODS_ROOT}/Manifest.lock",
			);
			name = "[CP] Check Pods Manifest.lock";
			outputFileListPaths = (
			);
			outputPaths = (
				"$(DERIVED_FILE_DIR)/Pods-OneSignalNotificationServiceExtension-checkManifestLockResult.txt",
			);
			runOnlyForDeploymentPostprocessing = 0;
			shellPath = /bin/sh;
			shellScript = "diff \"${PODS_PODFILE_DIR_PATH}/Podfile.lock\" \"${PODS_ROOT}/Manifest.lock\" > /dev/null\nif [ $? != 0 ] ; then\n    # print error to STDERR\n    echo \"error: The sandbox is not in sync with the Podfile.lock. Run 'pod install' or update your CocoaPods installation.\" >&2\n    exit 1\nfi\n# This output is used by Xcode 'outputs' to avoid re-running this script phase.\necho \"SUCCESS\" > \"${SCRIPT_OUTPUT_FILE_0}\"\n";
			showEnvVarsInLog = 0;
		};
		9D86022BC3303F07B49A3E5C /* [CP] Check Pods Manifest.lock */ = {
			isa = PBXShellScriptBuildPhase;
			buildActionMask = 2147483647;
			files = (
			);
			inputFileListPaths = (
			);
			inputPaths = (
				"${PODS_PODFILE_DIR_PATH}/Podfile.lock",
				"${PODS_ROOT}/Manifest.lock",
			);
			name = "[CP] Check Pods Manifest.lock";
			outputFileListPaths = (
			);
			outputPaths = (
				"$(DERIVED_FILE_DIR)/Pods-Tomes-checkManifestLockResult.txt",
			);
			runOnlyForDeploymentPostprocessing = 0;
			shellPath = /bin/sh;
			shellScript = "diff \"${PODS_PODFILE_DIR_PATH}/Podfile.lock\" \"${PODS_ROOT}/Manifest.lock\" > /dev/null\nif [ $? != 0 ] ; then\n    # print error to STDERR\n    echo \"error: The sandbox is not in sync with the Podfile.lock. Run 'pod install' or update your CocoaPods installation.\" >&2\n    exit 1\nfi\n# This output is used by Xcode 'outputs' to avoid re-running this script phase.\necho \"SUCCESS\" > \"${SCRIPT_OUTPUT_FILE_0}\"\n";
			showEnvVarsInLog = 0;
		};
		D04D50442FAD141EA500693B /* [CP] Embed Pods Frameworks */ = {
			isa = PBXShellScriptBuildPhase;
			buildActionMask = 2147483647;
			files = (
			);
			inputFileListPaths = (
				"${PODS_ROOT}/Target Support Files/Pods-Tomes/Pods-Tomes-frameworks-${CONFIGURATION}-input-files.xcfilelist",
			);
			name = "[CP] Embed Pods Frameworks";
			outputFileListPaths = (
				"${PODS_ROOT}/Target Support Files/Pods-Tomes/Pods-Tomes-frameworks-${CONFIGURATION}-output-files.xcfilelist",
			);
			runOnlyForDeploymentPostprocessing = 0;
			shellPath = /bin/sh;
			shellScript = "\"${PODS_ROOT}/Target Support Files/Pods-Tomes/Pods-Tomes-frameworks.sh\"\n";
			showEnvVarsInLog = 0;
		};
/* End PBXShellScriptBuildPhase section */

/* Begin PBXSourcesBuildPhase section */
		437EA58F2564208F003E2803 /* Sources */ = {
			isa = PBXSourcesBuildPhase;
			buildActionMask = 2147483647;
			files = (
				437EA59625642090003E2803 /* NotificationService.swift in Sources */,
			);
			runOnlyForDeploymentPostprocessing = 0;
		};
		B834CE9924F7BB10001AA809 /* Sources */ = {
			isa = PBXSourcesBuildPhase;
			buildActionMask = 2147483647;
			files = (
				B896EE23251AA64700C5A509 /* PaymentRecordViewModel.swift in Sources */,
				B8B409002507D0DD00B46A7C /* ApartmentDetailsViewModelController.swift in Sources */,
				B8CCB6AF24F7EF990034C878 /* ForgotPasswordViewController.swift in Sources */,
				B896EE1F251AA51700C5A509 /* AccountViewController.swift in Sources */,
				B8CCB6A124F7E0D40034C878 /* Utilities.swift in Sources */,
				B8D380AD2500603800A97474 /* ApartmentListViewModelController.swift in Sources */,
				B876279E2507C05700D0EE92 /* SplashScreenViewController.swift in Sources */,
				B8705527252152D8009C2C6F /* Constants.swift in Sources */,
				B8CCB6AD24F7EADB0034C878 /* SignUpViewController.swift in Sources */,
				B896EE21251AA58800C5A509 /* PaymentRecordModel.swift in Sources */,
				B8D380AB25005FE900A97474 /* ApartmentListViewModel.swift in Sources */,
				B8B409062508373200B46A7C /* PaymentViewController.swift in Sources */,
				B8B40904250831DE00B46A7C /* BookApartmentViewController.swift in Sources */,
				437EA5DF25643859003E2803 /* Projector.swift in Sources */,
				B834CEA524F7BB10001AA809 /* ViewController.swift in Sources */,
				B8D380A325005BEA00A97474 /* ApartmentListTableViewCell.swift in Sources */,
				B896EE25251AA70200C5A509 /* PaymentRecordViewModelController.swift in Sources */,
				B834CEA124F7BB10001AA809 /* AppDelegate.swift in Sources */,
				B896EE28251AA72700C5A509 /* PaymentDetailCollectionViewCell.swift in Sources */,
				B8B409022507DFDD00B46A7C /* ApartmentDetailsViewController.swift in Sources */,
				B8B408FD2507CEDF00B46A7C /* ApartmentDetailCollectionViewCell.swift in Sources */,
				B8D380A725005FAA00A97474 /* ApartmentListModel.swift in Sources */,
				B8CCB6B324F80D1A0034C878 /* HomeViewController.swift in Sources */,
				B8C8EEC124F7CA35002DDE20 /* LoginViewController.swift in Sources */,
				B834CEA324F7BB10001AA809 /* SceneDelegate.swift in Sources */,
				B8B408F82507CDD400B46A7C /* ApartmentDetailsViewModel.swift in Sources */,
				B8B408F62507CD9E00B46A7C /* ApartmentDetailsModel.swift in Sources */,
				B87055292521DA6B009C2C6F /* ContactUsViewController.swift in Sources */,
			);
			runOnlyForDeploymentPostprocessing = 0;
		};
/* End PBXSourcesBuildPhase section */

/* Begin PBXTargetDependency section */
		437EA59925642090003E2803 /* PBXTargetDependency */ = {
			isa = PBXTargetDependency;
			target = 437EA5922564208F003E2803 /* OneSignalNotificationServiceExtension */;
			targetProxy = 437EA59825642090003E2803 /* PBXContainerItemProxy */;
		};
/* End PBXTargetDependency section */

/* Begin PBXVariantGroup section */
		B834CEA624F7BB11001AA809 /* Main.storyboard */ = {
			isa = PBXVariantGroup;
			children = (
				B834CEA724F7BB11001AA809 /* Base */,
			);
			name = Main.storyboard;
			sourceTree = "<group>";
		};
		B834CEAB24F7BB16001AA809 /* LaunchScreen.storyboard */ = {
			isa = PBXVariantGroup;
			children = (
				B834CEAC24F7BB16001AA809 /* Base */,
			);
			name = LaunchScreen.storyboard;
			sourceTree = "<group>";
		};
/* End PBXVariantGroup section */

/* Begin XCBuildConfiguration section */
		437EA59C25642090003E2803 /* Debug */ = {
			isa = XCBuildConfiguration;
			baseConfigurationReference = 4B817D2A4533F162AD8DC8A1 /* Pods-OneSignalNotificationServiceExtension.debug.xcconfig */;
			buildSettings = {
				CLANG_WARN_QUOTED_INCLUDE_IN_FRAMEWORK_HEADER = YES;
				CODE_SIGN_ENTITLEMENTS = OneSignalNotificationServiceExtension/OneSignalNotificationServiceExtension.entitlements;
				CODE_SIGN_STYLE = Automatic;
				DEVELOPMENT_TEAM = DUDGY3A3V9;
				INFOPLIST_FILE = OneSignalNotificationServiceExtension/Info.plist;
				IPHONEOS_DEPLOYMENT_TARGET = 10.0;
				LD_RUNPATH_SEARCH_PATHS = (
					"$(inherited)",
					"@executable_path/Frameworks",
					"@executable_path/../../Frameworks",
				);
				PRODUCT_BUNDLE_IDENTIFIER = "freetek.app-gmail.com.Tomes.OneSignalNotificationServiceExtension";
				PRODUCT_NAME = "$(TARGET_NAME)";
				SKIP_INSTALL = YES;
				SWIFT_VERSION = 5.0;
				TARGETED_DEVICE_FAMILY = "1,2";
			};
			name = Debug;
		};
		437EA59D25642090003E2803 /* Release */ = {
			isa = XCBuildConfiguration;
			baseConfigurationReference = B0213F8D3237D6C9CDD64C8C /* Pods-OneSignalNotificationServiceExtension.release.xcconfig */;
			buildSettings = {
				CLANG_WARN_QUOTED_INCLUDE_IN_FRAMEWORK_HEADER = YES;
				CODE_SIGN_ENTITLEMENTS = OneSignalNotificationServiceExtension/OneSignalNotificationServiceExtension.entitlements;
				CODE_SIGN_STYLE = Automatic;
				DEVELOPMENT_TEAM = DUDGY3A3V9;
				INFOPLIST_FILE = OneSignalNotificationServiceExtension/Info.plist;
				IPHONEOS_DEPLOYMENT_TARGET = 10.0;
				LD_RUNPATH_SEARCH_PATHS = (
					"$(inherited)",
					"@executable_path/Frameworks",
					"@executable_path/../../Frameworks",
				);
				PRODUCT_BUNDLE_IDENTIFIER = "freetek.app-gmail.com.Tomes.OneSignalNotificationServiceExtension";
				PRODUCT_NAME = "$(TARGET_NAME)";
				SKIP_INSTALL = YES;
				SWIFT_VERSION = 5.0;
				TARGETED_DEVICE_FAMILY = "1,2";
			};
			name = Release;
		};
		B834CEAF24F7BB16001AA809 /* Debug */ = {
			isa = XCBuildConfiguration;
			buildSettings = {
				ALWAYS_SEARCH_USER_PATHS = NO;
				CLANG_ANALYZER_NONNULL = YES;
				CLANG_ANALYZER_NUMBER_OBJECT_CONVERSION = YES_AGGRESSIVE;
				CLANG_CXX_LANGUAGE_STANDARD = "gnu++14";
				CLANG_CXX_LIBRARY = "libc++";
				CLANG_ENABLE_MODULES = YES;
				CLANG_ENABLE_OBJC_ARC = YES;
				CLANG_ENABLE_OBJC_WEAK = YES;
				CLANG_WARN_BLOCK_CAPTURE_AUTORELEASING = YES;
				CLANG_WARN_BOOL_CONVERSION = YES;
				CLANG_WARN_COMMA = YES;
				CLANG_WARN_CONSTANT_CONVERSION = YES;
				CLANG_WARN_DEPRECATED_OBJC_IMPLEMENTATIONS = YES;
				CLANG_WARN_DIRECT_OBJC_ISA_USAGE = YES_ERROR;
				CLANG_WARN_DOCUMENTATION_COMMENTS = YES;
				CLANG_WARN_EMPTY_BODY = YES;
				CLANG_WARN_ENUM_CONVERSION = YES;
				CLANG_WARN_INFINITE_RECURSION = YES;
				CLANG_WARN_INT_CONVERSION = YES;
				CLANG_WARN_NON_LITERAL_NULL_CONVERSION = YES;
				CLANG_WARN_OBJC_IMPLICIT_RETAIN_SELF = YES;
				CLANG_WARN_OBJC_LITERAL_CONVERSION = YES;
				CLANG_WARN_OBJC_ROOT_CLASS = YES_ERROR;
				CLANG_WARN_RANGE_LOOP_ANALYSIS = YES;
				CLANG_WARN_STRICT_PROTOTYPES = YES;
				CLANG_WARN_SUSPICIOUS_MOVE = YES;
				CLANG_WARN_UNGUARDED_AVAILABILITY = YES_AGGRESSIVE;
				CLANG_WARN_UNREACHABLE_CODE = YES;
				CLANG_WARN__DUPLICATE_METHOD_MATCH = YES;
				COPY_PHASE_STRIP = NO;
				DEBUG_INFORMATION_FORMAT = dwarf;
				ENABLE_STRICT_OBJC_MSGSEND = YES;
				ENABLE_TESTABILITY = YES;
				GCC_C_LANGUAGE_STANDARD = gnu11;
				GCC_DYNAMIC_NO_PIC = NO;
				GCC_NO_COMMON_BLOCKS = YES;
				GCC_OPTIMIZATION_LEVEL = 0;
				GCC_PREPROCESSOR_DEFINITIONS = (
					"DEBUG=1",
					"$(inherited)",
				);
				GCC_WARN_64_TO_32_BIT_CONVERSION = YES;
				GCC_WARN_ABOUT_RETURN_TYPE = YES_ERROR;
				GCC_WARN_UNDECLARED_SELECTOR = YES;
				GCC_WARN_UNINITIALIZED_AUTOS = YES_AGGRESSIVE;
				GCC_WARN_UNUSED_FUNCTION = YES;
				GCC_WARN_UNUSED_VARIABLE = YES;
				IPHONEOS_DEPLOYMENT_TARGET = 13.6;
				MTL_ENABLE_DEBUG_INFO = INCLUDE_SOURCE;
				MTL_FAST_MATH = YES;
				ONLY_ACTIVE_ARCH = YES;
				SDKROOT = iphoneos;
				SWIFT_ACTIVE_COMPILATION_CONDITIONS = DEBUG;
				SWIFT_OPTIMIZATION_LEVEL = "-Onone";
			};
			name = Debug;
		};
		B834CEB024F7BB16001AA809 /* Release */ = {
			isa = XCBuildConfiguration;
			buildSettings = {
				ALWAYS_SEARCH_USER_PATHS = NO;
				CLANG_ANALYZER_NONNULL = YES;
				CLANG_ANALYZER_NUMBER_OBJECT_CONVERSION = YES_AGGRESSIVE;
				CLANG_CXX_LANGUAGE_STANDARD = "gnu++14";
				CLANG_CXX_LIBRARY = "libc++";
				CLANG_ENABLE_MODULES = YES;
				CLANG_ENABLE_OBJC_ARC = YES;
				CLANG_ENABLE_OBJC_WEAK = YES;
				CLANG_WARN_BLOCK_CAPTURE_AUTORELEASING = YES;
				CLANG_WARN_BOOL_CONVERSION = YES;
				CLANG_WARN_COMMA = YES;
				CLANG_WARN_CONSTANT_CONVERSION = YES;
				CLANG_WARN_DEPRECATED_OBJC_IMPLEMENTATIONS = YES;
				CLANG_WARN_DIRECT_OBJC_ISA_USAGE = YES_ERROR;
				CLANG_WARN_DOCUMENTATION_COMMENTS = YES;
				CLANG_WARN_EMPTY_BODY = YES;
				CLANG_WARN_ENUM_CONVERSION = YES;
				CLANG_WARN_INFINITE_RECURSION = YES;
				CLANG_WARN_INT_CONVERSION = YES;
				CLANG_WARN_NON_LITERAL_NULL_CONVERSION = YES;
				CLANG_WARN_OBJC_IMPLICIT_RETAIN_SELF = YES;
				CLANG_WARN_OBJC_LITERAL_CONVERSION = YES;
				CLANG_WARN_OBJC_ROOT_CLASS = YES_ERROR;
				CLANG_WARN_RANGE_LOOP_ANALYSIS = YES;
				CLANG_WARN_STRICT_PROTOTYPES = YES;
				CLANG_WARN_SUSPICIOUS_MOVE = YES;
				CLANG_WARN_UNGUARDED_AVAILABILITY = YES_AGGRESSIVE;
				CLANG_WARN_UNREACHABLE_CODE = YES;
				CLANG_WARN__DUPLICATE_METHOD_MATCH = YES;
				COPY_PHASE_STRIP = NO;
				DEBUG_INFORMATION_FORMAT = "dwarf-with-dsym";
				ENABLE_NS_ASSERTIONS = NO;
				ENABLE_STRICT_OBJC_MSGSEND = YES;
				GCC_C_LANGUAGE_STANDARD = gnu11;
				GCC_NO_COMMON_BLOCKS = YES;
				GCC_WARN_64_TO_32_BIT_CONVERSION = YES;
				GCC_WARN_ABOUT_RETURN_TYPE = YES_ERROR;
				GCC_WARN_UNDECLARED_SELECTOR = YES;
				GCC_WARN_UNINITIALIZED_AUTOS = YES_AGGRESSIVE;
				GCC_WARN_UNUSED_FUNCTION = YES;
				GCC_WARN_UNUSED_VARIABLE = YES;
				IPHONEOS_DEPLOYMENT_TARGET = 13.6;
				MTL_ENABLE_DEBUG_INFO = NO;
				MTL_FAST_MATH = YES;
				SDKROOT = iphoneos;
				SWIFT_COMPILATION_MODE = wholemodule;
				SWIFT_OPTIMIZATION_LEVEL = "-O";
				VALIDATE_PRODUCT = YES;
			};
			name = Release;
		};
		B834CEB224F7BB16001AA809 /* Debug */ = {
			isa = XCBuildConfiguration;
			baseConfigurationReference = 00B8334D6585E07C129F2F5B /* Pods-Tomes.debug.xcconfig */;
			buildSettings = {
				ALWAYS_EMBED_SWIFT_STANDARD_LIBRARIES = YES;
				ASSETCATALOG_COMPILER_APPICON_NAME = AppIcon;
				CODE_SIGN_ENTITLEMENTS = Tomes/Tomes.entitlements;
				CODE_SIGN_STYLE = Automatic;
				DEVELOPMENT_TEAM = DUDGY3A3V9;
				INFOPLIST_FILE = Tomes/Info.plist;
				IPHONEOS_DEPLOYMENT_TARGET = 10.0;
				LD_RUNPATH_SEARCH_PATHS = (
					"$(inherited)",
					"@executable_path/Frameworks",
				);
				PRODUCT_BUNDLE_IDENTIFIER = "freetek.app-gmail.com.Tomes";
				PRODUCT_NAME = "$(TARGET_NAME)";
				SWIFT_VERSION = 5.0;
				TARGETED_DEVICE_FAMILY = "1,2";
			};
			name = Debug;
		};
		B834CEB324F7BB16001AA809 /* Release */ = {
			isa = XCBuildConfiguration;
			baseConfigurationReference = 3366043F8A3AAF6532EB2C23 /* Pods-Tomes.release.xcconfig */;
			buildSettings = {
				ALWAYS_EMBED_SWIFT_STANDARD_LIBRARIES = YES;
				ASSETCATALOG_COMPILER_APPICON_NAME = AppIcon;
				CODE_SIGN_ENTITLEMENTS = Tomes/Tomes.entitlements;
				CODE_SIGN_STYLE = Automatic;
				DEVELOPMENT_TEAM = DUDGY3A3V9;
				INFOPLIST_FILE = Tomes/Info.plist;
				IPHONEOS_DEPLOYMENT_TARGET = 10.0;
				LD_RUNPATH_SEARCH_PATHS = (
					"$(inherited)",
					"@executable_path/Frameworks",
				);
				PRODUCT_BUNDLE_IDENTIFIER = "freetek.app-gmail.com.Tomes";
				PRODUCT_NAME = "$(TARGET_NAME)";
				SWIFT_VERSION = 5.0;
				TARGETED_DEVICE_FAMILY = "1,2";
			};
			name = Release;
		};
/* End XCBuildConfiguration section */

/* Begin XCConfigurationList section */
		437EA59E25642090003E2803 /* Build configuration list for PBXNativeTarget "OneSignalNotificationServiceExtension" */ = {
			isa = XCConfigurationList;
			buildConfigurations = (
				437EA59C25642090003E2803 /* Debug */,
				437EA59D25642090003E2803 /* Release */,
			);
			defaultConfigurationIsVisible = 0;
			defaultConfigurationName = Release;
		};
		B834CE9824F7BB10001AA809 /* Build configuration list for PBXProject "Tomes" */ = {
			isa = XCConfigurationList;
			buildConfigurations = (
				B834CEAF24F7BB16001AA809 /* Debug */,
				B834CEB024F7BB16001AA809 /* Release */,
			);
			defaultConfigurationIsVisible = 0;
			defaultConfigurationName = Release;
		};
		B834CEB124F7BB16001AA809 /* Build configuration list for PBXNativeTarget "Tomes" */ = {
			isa = XCConfigurationList;
			buildConfigurations = (
				B834CEB224F7BB16001AA809 /* Debug */,
				B834CEB324F7BB16001AA809 /* Release */,
			);
			defaultConfigurationIsVisible = 0;
			defaultConfigurationName = Release;
		};
/* End XCConfigurationList section */
	};
	rootObject = B834CE9524F7BB10001AA809 /* Project object */;
}
